
Microsoft Visual Studio Solution File, Format Version 12.00
# Visual Studio 15
VisualStudioVersion = 15.0.28010.2050
MinimumVisualStudioVersion = 10.0.40219.1
Project("{9A19103F-16F7-4668-BE54-9A1E7A4F7556}") = "ExportToExcelLibrary", "ExportToExcelLibrary\ExportToExcelLibrary.csproj", "{C361190D-F7DE-4F3F-9D67-758DFC0DE938}"
EndProject
Project("{9A19103F-16F7-4668-BE54-9A1E7A4F7556}") = "DataLoaderLibrary", "DataLoaderLibrary\DataLoaderLibrary.csproj", "{B54BD687-1080-4BAB-B589-E2415BF8F292}"
EndProject
Project("{FAE04EC0-301F-11D3-BF4B-00C04F79EFBC}") = "ExcelExporter.WPF", "ExcelExporter.WPF\ExcelExporter.WPF.csproj", "{F8ECE053-00C5-4AF4-B310-D9873D2B5004}"
EndProject
Global
	GlobalSection(SolutionConfigurationPlatforms) = preSolution
		Debug|Any CPU = Debug|Any CPU
		Release|Any CPU = Release|Any CPU
	EndGlobalSection
	GlobalSection(ProjectConfigurationPlatforms) = postSolution
		{C361190D-F7DE-4F3F-9D67-758DFC0DE938}.Debug|Any CPU.ActiveCfg = Debug|Any CPU
		{C361190D-F7DE-4F3F-9D67-758DFC0DE938}.Debug|Any CPU.Build.0 = Debug|Any CPU
		{C361190D-F7DE-4F3F-9D67-758DFC0DE938}.Release|Any CPU.ActiveCfg = Release|Any CPU
		{C361190D-F7DE-4F3F-9D67-758DFC0DE938}.Release|Any CPU.Build.0 = Release|Any CPU
		{B54BD687-1080-4BAB-B589-E2415BF8F292}.Debug|Any CPU.ActiveCfg = Debug|Any CPU
		{B54BD687-1080-4BAB-B589-E2415BF8F292}.Debug|Any CPU.Build.0 = Debug|Any CPU
		{B54BD687-1080-4BAB-B589-E2415BF8F292}.Release|Any CPU.ActiveCfg = Release|Any CPU
		{B54BD687-1080-4BAB-B589-E2415BF8F292}.Release|Any CPU.Build.0 = Release|Any CPU
		{F8ECE053-00C5-4AF4-B310-D9873D2B5004}.Debug|Any CPU.ActiveCfg = Debug|Any CPU
		{F8ECE053-00C5-4AF4-B310-D9873D2B5004}.Debug|Any CPU.Build.0 = Debug|Any CPU
		{F8ECE053-00C5-4AF4-B310-D9873D2B5004}.Release|Any CPU.ActiveCfg = Release|Any CPU
		{F8ECE053-00C5-4AF4-B310-D9873D2B5004}.Release|Any CPU.Build.0 = Release|Any CPU
	EndGlobalSection
	GlobalSection(SolutionProperties) = preSolution
		HideSolutionNode = FALSE
	EndGlobalSection
	GlobalSection(ExtensibilityGlobals) = postSolution
		SolutionGuid = {470169A7-7A28-4412-AF2A-58AF0EF5AE23}
	EndGlobalSection
EndGlobal
